
Microsoft Visual Studio Solution File, Format Version 12.00
# Visual Studio Version 17
VisualStudioVersion = 17.0.31903.59
MinimumVisualStudioVersion = 10.0.40219.1
Project("{9A19103F-16F7-4668-BE54-9A1E7A4F7556}") = "SimpleVendingMachine.Api", "SimpleVendingMachine.Api\SimpleVendingMachine.Api.csproj", "{1D9680FF-0FB3-4F88-B249-19BF4BA90658}"
EndProject
Project("{9A19103F-16F7-4668-BE54-9A1E7A4F7556}") = "SimpleVendingMachine.Web", "SimpleVendingMachine.Web\SimpleVendingMachine.Web.csproj", "{48CCE6F5-4944-41DA-89CF-659FFCDD04D3}"
EndProject
Project("{9A19103F-16F7-4668-BE54-9A1E7A4F7556}") = "SimpleVendingMachine.Models", "SimpleVendingMachine.Models\SimpleVendingMachine.Models.csproj", "{DEEEEEF8-909E-46D7-A4A7-A736A32E3887}"
EndProject
Global
	GlobalSection(SolutionConfigurationPlatforms) = preSolution
		Debug|Any CPU = Debug|Any CPU
		Release|Any CPU = Release|Any CPU
	EndGlobalSection
	GlobalSection(ProjectConfigurationPlatforms) = postSolution
		{1D9680FF-0FB3-4F88-B249-19BF4BA90658}.Debug|Any CPU.ActiveCfg = Debug|Any CPU
		{1D9680FF-0FB3-4F88-B249-19BF4BA90658}.Debug|Any CPU.Build.0 = Debug|Any CPU
		{1D9680FF-0FB3-4F88-B249-19BF4BA90658}.Release|Any CPU.ActiveCfg = Release|Any CPU
		{1D9680FF-0FB3-4F88-B249-19BF4BA90658}.Release|Any CPU.Build.0 = Release|Any CPU
		{48CCE6F5-4944-41DA-89CF-659FFCDD04D3}.Debug|Any CPU.ActiveCfg = Debug|Any CPU
		{48CCE6F5-4944-41DA-89CF-659FFCDD04D3}.Debug|Any CPU.Build.0 = Debug|Any CPU
		{48CCE6F5-4944-41DA-89CF-659FFCDD04D3}.Release|Any CPU.ActiveCfg = Release|Any CPU
		{48CCE6F5-4944-41DA-89CF-659FFCDD04D3}.Release|Any CPU.Build.0 = Release|Any CPU
		{DEEEEEF8-909E-46D7-A4A7-A736A32E3887}.Debug|Any CPU.ActiveCfg = Debug|Any CPU
		{DEEEEEF8-909E-46D7-A4A7-A736A32E3887}.Debug|Any CPU.Build.0 = Debug|Any CPU
		{DEEEEEF8-909E-46D7-A4A7-A736A32E3887}.Release|Any CPU.ActiveCfg = Release|Any CPU
		{DEEEEEF8-909E-46D7-A4A7-A736A32E3887}.Release|Any CPU.Build.0 = Release|Any CPU
	EndGlobalSection
	GlobalSection(SolutionProperties) = preSolution
		HideSolutionNode = FALSE
	EndGlobalSection
	GlobalSection(ExtensibilityGlobals) = postSolution
		SolutionGuid = {F4529535-1D2E-4298-9930-A8A306BB2996}
	EndGlobalSection
EndGlobal
